{
  "name": "Modu_Dif_Namespace_Class_Input",
  "version": "1.0.0",
  "lockfileVersion": 1,
  "requires": true,
  "dependencies": {
    "@types/bootstrap": {
      "version": "4.1.2",
      "resolved": "https://registry.npmjs.org/@types/bootstrap/-/bootstrap-4.1.2.tgz",
      "integrity": "sha512-BiC/IxqyLS68UFp71t2Px80ql/FpaUKSy469aa6HTDFRkv/FvdzRZjF6ifDql/VKSLyin5AZa/yARLetMFM4rQ==",
      "dev": true,
      "requires": {
        "@types/jquery": "*",
        "popper.js": "^1.14.1"
      }
    },
    "@types/bootstrap-table": {
      "version": "1.11.5",
      "resolved": "https://registry.npmjs.org/@types/bootstrap-table/-/bootstrap-table-1.11.5.tgz",
      "integrity": "sha512-bJ9oAp7I5T5ig1XPBUMHDNgr55/Wfgr9IKJF1G7W73EUhLk+PZmMaTkw29nDHnCQqEfjJhs+mk/u0ujTZa2Upg==",
      "requires": {
        "@types/jquery": "*"
      }
    },
    "@types/jquery": {
      "version": "3.3.22",
      "resolved": "https://registry.npmjs.org/@types/jquery/-/jquery-3.3.22.tgz",
      "integrity": "sha512-a4JDcIhJhHYnoWCkG3xT2CZxXZeA92JeREESorg0DMQ3ZsjuKF48h7XK4l5Gl2GRa/ItGRpKMT0pyK88yRgqXQ==",
      "requires": {
        "@types/sizzle": "*"
      }
    },
    "@types/sizzle": {
      "version": "2.3.2",
      "resolved": "https://registry.npmjs.org/@types/sizzle/-/sizzle-2.3.2.tgz",
      "integrity": "sha512-7EJYyKTL7tFR8+gDbB6Wwz/arpGa0Mywk1TJbNzKzHtzbwVmY4HR9WqS5VV7dsBUKQmPNr192jHr/VpBluj/hg=="
    },
    "bootstrap": {
      "version": "4.1.3",
      "resolved": "https://registry.npmjs.org/bootstrap/-/bootstrap-4.1.3.tgz",
      "integrity": "sha512-rDFIzgXcof0jDyjNosjv4Sno77X4KuPeFxG2XZZv1/Kc8DRVGVADdoQyyOVDwPqL36DDmtCQbrpMCqvpPLJQ0w=="
    },
    "bootstrap-table": {
      "version": "1.12.1",
      "resolved": "https://registry.npmjs.org/bootstrap-table/-/bootstrap-table-1.12.1.tgz",
      "integrity": "sha1-ycOXMGeEKpN8BdhjnszLAqvWumU="
    },
    "jquery": {
      "version": "3.3.1",
      "resolved": "https://registry.npmjs.org/jquery/-/jquery-3.3.1.tgz",
      "integrity": "sha512-Ubldcmxp5np52/ENotGxlLe6aGMvmF4R8S6tZjsP6Knsaxd/xp3Zrh50cG93lR6nPXyUFwzN3ZSOQI0wRJNdGg=="
    },
    "popper.js": {
      "version": "1.14.6",
      "resolved": "https://registry.npmjs.org/popper.js/-/popper.js-1.14.6.tgz",
      "integrity": "sha512-AGwHGQBKumlk/MDfrSOf0JHhJCImdDMcGNoqKmKkU+68GFazv3CQ6q9r7Ja1sKDZmYWTckY/uLyEznheTDycnA==",
      "dev": true
    }
  }
}
